
Microsoft Visual Studio Solution File, Format Version 12.00
# Visual Studio Version 16
VisualStudioVersion = 16.0.31515.178
MinimumVisualStudioVersion = 10.0.40219.1
Project("{888888A0-9F3D-457C-B088-3A5042F75D52}") = "week 8 lab 1", "week 8 lab 1.pyproj", "{E53D86DF-18A0-405D-80E3-5762A440F8E6}"
EndProject
Global
	GlobalSection(SolutionConfigurationPlatforms) = preSolution
		Debug|Any CPU = Debug|Any CPU
		Release|Any CPU = Release|Any CPU
	EndGlobalSection
	GlobalSection(ProjectConfigurationPlatforms) = postSolution
		{E53D86DF-18A0-405D-80E3-5762A440F8E6}.Debug|Any CPU.ActiveCfg = Debug|Any CPU
		{E53D86DF-18A0-405D-80E3-5762A440F8E6}.Release|Any CPU.ActiveCfg = Release|Any CPU
	EndGlobalSection
	GlobalSection(SolutionProperties) = preSolution
		HideSolutionNode = FALSE
	EndGlobalSection
	GlobalSection(ExtensibilityGlobals) = postSolution
		SolutionGuid = {000693E9-8F91-46BA-B537-927691DFF828}
	EndGlobalSection
EndGlobal
